PODS:
  - GoogleMaps (2.4.0):
    - GoogleMaps/Maps (= 2.4.0)
  - GoogleMaps/Base (2.4.0)
  - GoogleMaps/Maps (2.4.0):
    - GoogleMaps/Base
  - TGLParallaxCarousel (0.2.1)

DEPENDENCIES:
  - GoogleMaps
  - TGLParallaxCarousel

SPEC CHECKSUMS:
  GoogleMaps: 8436ab5d1c25e36915b2f7416d0c8e3fa2e76c61
  TGLParallaxCarousel: 7736edf9e26a3f08f32d0a24fcb0c93edc8253ad

PODFILE CHECKSUM: c49bb1037dd56fa9f73e27823d8769be7b8dd13c

COCOAPODS: 1.2.1
